
Microsoft Visual Studio Solution File, Format Version 12.00
# Visual Studio Version 17
VisualStudioVersion = 17.7.34031.279
MinimumVisualStudioVersion = 10.0.40219.1
Project("{FAE04EC0-301F-11D3-BF4B-00C04F79EFBC}") = "SolutionsValidator", "SolutionsValidator\SolutionsValidator.csproj", "{8CEE7B02-2B4E-420F-AAAB-9E5E0D5BBBDF}"
EndProject
Project("{FAE04EC0-301F-11D3-BF4B-00C04F79EFBC}") = "LeetCodeCSharp", "LeetCodeCSharp\LeetCodeCSharp.csproj", "{28A780A5-ACE9-4E6E-8C8B-2B58EA6146CF}"
EndProject
Global
	GlobalSection(SolutionConfigurationPlatforms) = preSolution
		Debug|Any CPU = Debug|Any CPU
		Release|Any CPU = Release|Any CPU
	EndGlobalSection
	GlobalSection(ProjectConfigurationPlatforms) = postSolution
		{8CEE7B02-2B4E-420F-AAAB-9E5E0D5BBBDF}.Debug|Any CPU.ActiveCfg = Debug|Any CPU
		{8CEE7B02-2B4E-420F-AAAB-9E5E0D5BBBDF}.Debug|Any CPU.Build.0 = Debug|Any CPU
		{8CEE7B02-2B4E-420F-AAAB-9E5E0D5BBBDF}.Release|Any CPU.ActiveCfg = Release|Any CPU
		{8CEE7B02-2B4E-420F-AAAB-9E5E0D5BBBDF}.Release|Any CPU.Build.0 = Release|Any CPU
		{28A780A5-ACE9-4E6E-8C8B-2B58EA6146CF}.Debug|Any CPU.ActiveCfg = Debug|Any CPU
		{28A780A5-ACE9-4E6E-8C8B-2B58EA6146CF}.Debug|Any CPU.Build.0 = Debug|Any CPU
		{28A780A5-ACE9-4E6E-8C8B-2B58EA6146CF}.Release|Any CPU.ActiveCfg = Release|Any CPU
		{28A780A5-ACE9-4E6E-8C8B-2B58EA6146CF}.Release|Any CPU.Build.0 = Release|Any CPU
	EndGlobalSection
	GlobalSection(SolutionProperties) = preSolution
		HideSolutionNode = FALSE
	EndGlobalSection
	GlobalSection(ExtensibilityGlobals) = postSolution
		SolutionGuid = {6641E492-5DCC-41C5-99C9-BFCD899ADDA5}
	EndGlobalSection
EndGlobal
